
Microsoft Visual Studio Solution File, Format Version 12.00
# Visual Studio Version 16
VisualStudioVersion = 16.0.30804.86
MinimumVisualStudioVersion = 10.0.40219.1
Project("{8BC9CEB8-8B4A-11D0-8D11-00A0C91BC942}") = "SWBF2 Menu", "SWBF2 Menu.vcxproj", "{BD2E4D6D-1E55-49CB-AE7F-FDCA117BE804}"
EndProject
Global
	GlobalSection(SolutionConfigurationPlatforms) = preSolution
		Debug|x64 = Debug|x64
		Debug|x86 = Debug|x86
		Release|x64 = Release|x64
		Release|x86 = Release|x86
	EndGlobalSection
	GlobalSection(ProjectConfigurationPlatforms) = postSolution
		{BD2E4D6D-1E55-49CB-AE7F-FDCA117BE804}.Debug|x64.ActiveCfg = Debug|x64
		{BD2E4D6D-1E55-49CB-AE7F-FDCA117BE804}.Debug|x64.Build.0 = Debug|x64
		{BD2E4D6D-1E55-49CB-AE7F-FDCA117BE804}.Debug|x86.ActiveCfg = Debug|Win32
		{BD2E4D6D-1E55-49CB-AE7F-FDCA117BE804}.Debug|x86.Build.0 = Debug|Win32
		{BD2E4D6D-1E55-49CB-AE7F-FDCA117BE804}.Release|x64.ActiveCfg = Release|x64
		{BD2E4D6D-1E55-49CB-AE7F-FDCA117BE804}.Release|x64.Build.0 = Release|x64
		{BD2E4D6D-1E55-49CB-AE7F-FDCA117BE804}.Release|x86.ActiveCfg = Release|Win32
		{BD2E4D6D-1E55-49CB-AE7F-FDCA117BE804}.Release|x86.Build.0 = Release|Win32
	EndGlobalSection
	GlobalSection(SolutionProperties) = preSolution
		HideSolutionNode = FALSE
	EndGlobalSection
	GlobalSection(ExtensibilityGlobals) = postSolution
		SolutionGuid = {9FF2FF49-3689-4573-B6C0-1814125E6688}
	EndGlobalSection
EndGlobal
