
Microsoft Visual Studio Solution File, Format Version 12.00
# Visual Studio Version 16
VisualStudioVersion = 16.0.30413.136
MinimumVisualStudioVersion = 10.0.40219.1
Project("{8BC9CEB8-8B4A-11D0-8D11-00A0C91BC942}") = "Eclipse Driver - Function Hook", "Eclipse Driver - Function Hook.vcxproj", "{4EFF6462-7B4C-41F2-8FC6-ED5E708C4D88}"
EndProject
Global
	GlobalSection(SolutionConfigurationPlatforms) = preSolution
		Debug|ARM = Debug|ARM
		Debug|ARM64 = Debug|ARM64
		Debug|x64 = Debug|x64
		Debug|x86 = Debug|x86
		Release|ARM = Release|ARM
		Release|ARM64 = Release|ARM64
		Release|x64 = Release|x64
		Release|x86 = Release|x86
	EndGlobalSection
	GlobalSection(ProjectConfigurationPlatforms) = postSolution
		{4EFF6462-7B4C-41F2-8FC6-ED5E708C4D88}.Debug|ARM.ActiveCfg = Debug|ARM
		{4EFF6462-7B4C-41F2-8FC6-ED5E708C4D88}.Debug|ARM.Build.0 = Debug|ARM
		{4EFF6462-7B4C-41F2-8FC6-ED5E708C4D88}.Debug|ARM.Deploy.0 = Debug|ARM
		{4EFF6462-7B4C-41F2-8FC6-ED5E708C4D88}.Debug|ARM64.ActiveCfg = Debug|ARM64
		{4EFF6462-7B4C-41F2-8FC6-ED5E708C4D88}.Debug|ARM64.Build.0 = Debug|ARM64
		{4EFF6462-7B4C-41F2-8FC6-ED5E708C4D88}.Debug|ARM64.Deploy.0 = Debug|ARM64
		{4EFF6462-7B4C-41F2-8FC6-ED5E708C4D88}.Debug|x64.ActiveCfg = Debug|x64
		{4EFF6462-7B4C-41F2-8FC6-ED5E708C4D88}.Debug|x64.Build.0 = Debug|x64
		{4EFF6462-7B4C-41F2-8FC6-ED5E708C4D88}.Debug|x64.Deploy.0 = Debug|x64
		{4EFF6462-7B4C-41F2-8FC6-ED5E708C4D88}.Debug|x86.ActiveCfg = Debug|Win32
		{4EFF6462-7B4C-41F2-8FC6-ED5E708C4D88}.Debug|x86.Build.0 = Debug|Win32
		{4EFF6462-7B4C-41F2-8FC6-ED5E708C4D88}.Debug|x86.Deploy.0 = Debug|Win32
		{4EFF6462-7B4C-41F2-8FC6-ED5E708C4D88}.Release|ARM.ActiveCfg = Release|ARM
		{4EFF6462-7B4C-41F2-8FC6-ED5E708C4D88}.Release|ARM.Build.0 = Release|ARM
		{4EFF6462-7B4C-41F2-8FC6-ED5E708C4D88}.Release|ARM.Deploy.0 = Release|ARM
		{4EFF6462-7B4C-41F2-8FC6-ED5E708C4D88}.Release|ARM64.ActiveCfg = Release|ARM64
		{4EFF6462-7B4C-41F2-8FC6-ED5E708C4D88}.Release|ARM64.Build.0 = Release|ARM64
		{4EFF6462-7B4C-41F2-8FC6-ED5E708C4D88}.Release|ARM64.Deploy.0 = Release|ARM64
		{4EFF6462-7B4C-41F2-8FC6-ED5E708C4D88}.Release|x64.ActiveCfg = Release|x64
		{4EFF6462-7B4C-41F2-8FC6-ED5E708C4D88}.Release|x64.Build.0 = Release|x64
		{4EFF6462-7B4C-41F2-8FC6-ED5E708C4D88}.Release|x64.Deploy.0 = Release|x64
		{4EFF6462-7B4C-41F2-8FC6-ED5E708C4D88}.Release|x86.ActiveCfg = Release|Win32
		{4EFF6462-7B4C-41F2-8FC6-ED5E708C4D88}.Release|x86.Build.0 = Release|Win32
		{4EFF6462-7B4C-41F2-8FC6-ED5E708C4D88}.Release|x86.Deploy.0 = Release|Win32
	EndGlobalSection
	GlobalSection(SolutionProperties) = preSolution
		HideSolutionNode = FALSE
	EndGlobalSection
	GlobalSection(ExtensibilityGlobals) = postSolution
		SolutionGuid = {DC3E66ED-A96A-4C03-8C8B-2C1F7DA96679}
	EndGlobalSection
EndGlobal
